
Microsoft Visual Studio Solution File, Format Version 12.00
# Visual Studio 15
Project("{FAE04EC0-301F-11D3-BF4B-00C04F79EFBC}") = "Assembly-CSharp", "Assembly-CSharp.csproj", "{90413BD9-870E-4700-4F39-C6154A8181FD}"
EndProject
Global
	GlobalSection(SolutionConfigurationPlatforms) = preSolution
		Debug|Any CPU = Debug|Any CPU
		Release|Any CPU = Release|Any CPU
	EndGlobalSection
	GlobalSection(ProjectConfigurationPlatforms) = postSolution
		{90413BD9-870E-4700-4F39-C6154A8181FD}.Debug|Any CPU.ActiveCfg = Debug|Any CPU
		{90413BD9-870E-4700-4F39-C6154A8181FD}.Debug|Any CPU.Build.0 = Debug|Any CPU
		{90413BD9-870E-4700-4F39-C6154A8181FD}.Release|Any CPU.ActiveCfg = Release|Any CPU
		{90413BD9-870E-4700-4F39-C6154A8181FD}.Release|Any CPU.Build.0 = Release|Any CPU
	EndGlobalSection
	GlobalSection(SolutionProperties) = preSolution
		HideSolutionNode = FALSE
	EndGlobalSection
EndGlobal
